
Microsoft Visual Studio Solution File, Format Version 11.00
# Visual Studio 2010
Project("{FAE04EC0-301F-11D3-BF4B-00C04F79EFBC}") = "YahooFinancaeDataImport", "YahooFinanceDataImporter\YahooFinancaeDataImport.csproj", "{F905AA97-C719-4767-AF9F-57E20C74FF97}"
EndProject
Project("{FAE04EC0-301F-11D3-BF4B-00C04F79EFBC}") = "ChartLabFinCalculation", "ChartLabFinCalculation\ChartLabFinCalculation.csproj", "{3BD5516F-11BE-4FAD-9DC1-3FBAD73AF3E1}"
EndProject
Project("{FAE04EC0-301F-11D3-BF4B-00C04F79EFBC}") = "HelperLib", "HelperLib\HelperLib.csproj", "{3C4862C7-8F4C-4B71-B389-5701B67EEA78}"
EndProject
Project("{FAE04EC0-301F-11D3-BF4B-00C04F79EFBC}") = "FinLib", "FinLib\FinLib.csproj", "{9CBCE75A-552C-4A42-9820-3452DAA79A99}"
EndProject
Project("{FAE04EC0-301F-11D3-BF4B-00C04F79EFBC}") = "PreMailer", "PreMailer.Net\PreMailer.Net\PreMailer.csproj", "{7B4A85FA-FA98-40FD-83B7-5E84C8853736}"
EndProject
Global
	GlobalSection(SolutionConfigurationPlatforms) = preSolution
		Debug|Any CPU = Debug|Any CPU
		Debug|Mixed Platforms = Debug|Mixed Platforms
		Debug|x86 = Debug|x86
		Release|Any CPU = Release|Any CPU
		Release|Mixed Platforms = Release|Mixed Platforms
		Release|x86 = Release|x86
	EndGlobalSection
	GlobalSection(ProjectConfigurationPlatforms) = postSolution
		{F905AA97-C719-4767-AF9F-57E20C74FF97}.Debug|Any CPU.ActiveCfg = Debug|x86
		{F905AA97-C719-4767-AF9F-57E20C74FF97}.Debug|Mixed Platforms.ActiveCfg = Debug|x86
		{F905AA97-C719-4767-AF9F-57E20C74FF97}.Debug|Mixed Platforms.Build.0 = Debug|x86
		{F905AA97-C719-4767-AF9F-57E20C74FF97}.Debug|x86.ActiveCfg = Debug|x86
		{F905AA97-C719-4767-AF9F-57E20C74FF97}.Debug|x86.Build.0 = Debug|x86
		{F905AA97-C719-4767-AF9F-57E20C74FF97}.Release|Any CPU.ActiveCfg = Release|x86
		{F905AA97-C719-4767-AF9F-57E20C74FF97}.Release|Mixed Platforms.ActiveCfg = Release|x86
		{F905AA97-C719-4767-AF9F-57E20C74FF97}.Release|Mixed Platforms.Build.0 = Release|x86
		{F905AA97-C719-4767-AF9F-57E20C74FF97}.Release|x86.ActiveCfg = Release|x86
		{F905AA97-C719-4767-AF9F-57E20C74FF97}.Release|x86.Build.0 = Release|x86
		{3BD5516F-11BE-4FAD-9DC1-3FBAD73AF3E1}.Debug|Any CPU.ActiveCfg = Debug|x86
		{3BD5516F-11BE-4FAD-9DC1-3FBAD73AF3E1}.Debug|Mixed Platforms.ActiveCfg = Debug|x86
		{3BD5516F-11BE-4FAD-9DC1-3FBAD73AF3E1}.Debug|Mixed Platforms.Build.0 = Debug|x86
		{3BD5516F-11BE-4FAD-9DC1-3FBAD73AF3E1}.Debug|x86.ActiveCfg = Debug|x86
		{3BD5516F-11BE-4FAD-9DC1-3FBAD73AF3E1}.Debug|x86.Build.0 = Debug|x86
		{3BD5516F-11BE-4FAD-9DC1-3FBAD73AF3E1}.Release|Any CPU.ActiveCfg = Release|x86
		{3BD5516F-11BE-4FAD-9DC1-3FBAD73AF3E1}.Release|Mixed Platforms.ActiveCfg = Release|x86
		{3BD5516F-11BE-4FAD-9DC1-3FBAD73AF3E1}.Release|Mixed Platforms.Build.0 = Release|x86
		{3BD5516F-11BE-4FAD-9DC1-3FBAD73AF3E1}.Release|x86.ActiveCfg = Release|x86
		{3BD5516F-11BE-4FAD-9DC1-3FBAD73AF3E1}.Release|x86.Build.0 = Release|x86
		{3C4862C7-8F4C-4B71-B389-5701B67EEA78}.Debug|Any CPU.ActiveCfg = Debug|Any CPU
		{3C4862C7-8F4C-4B71-B389-5701B67EEA78}.Debug|Any CPU.Build.0 = Debug|Any CPU
		{3C4862C7-8F4C-4B71-B389-5701B67EEA78}.Debug|Mixed Platforms.ActiveCfg = Debug|Any CPU
		{3C4862C7-8F4C-4B71-B389-5701B67EEA78}.Debug|Mixed Platforms.Build.0 = Debug|Any CPU
		{3C4862C7-8F4C-4B71-B389-5701B67EEA78}.Debug|x86.ActiveCfg = Debug|Any CPU
		{3C4862C7-8F4C-4B71-B389-5701B67EEA78}.Release|Any CPU.ActiveCfg = Release|Any CPU
		{3C4862C7-8F4C-4B71-B389-5701B67EEA78}.Release|Any CPU.Build.0 = Release|Any CPU
		{3C4862C7-8F4C-4B71-B389-5701B67EEA78}.Release|Mixed Platforms.ActiveCfg = Release|Any CPU
		{3C4862C7-8F4C-4B71-B389-5701B67EEA78}.Release|Mixed Platforms.Build.0 = Release|Any CPU
		{3C4862C7-8F4C-4B71-B389-5701B67EEA78}.Release|x86.ActiveCfg = Release|Any CPU
		{9CBCE75A-552C-4A42-9820-3452DAA79A99}.Debug|Any CPU.ActiveCfg = Debug|Any CPU
		{9CBCE75A-552C-4A42-9820-3452DAA79A99}.Debug|Any CPU.Build.0 = Debug|Any CPU
		{9CBCE75A-552C-4A42-9820-3452DAA79A99}.Debug|Mixed Platforms.ActiveCfg = Debug|Any CPU
		{9CBCE75A-552C-4A42-9820-3452DAA79A99}.Debug|Mixed Platforms.Build.0 = Debug|Any CPU
		{9CBCE75A-552C-4A42-9820-3452DAA79A99}.Debug|x86.ActiveCfg = Debug|Any CPU
		{9CBCE75A-552C-4A42-9820-3452DAA79A99}.Release|Any CPU.ActiveCfg = Release|Any CPU
		{9CBCE75A-552C-4A42-9820-3452DAA79A99}.Release|Any CPU.Build.0 = Release|Any CPU
		{9CBCE75A-552C-4A42-9820-3452DAA79A99}.Release|Mixed Platforms.ActiveCfg = Release|Any CPU
		{9CBCE75A-552C-4A42-9820-3452DAA79A99}.Release|Mixed Platforms.Build.0 = Release|Any CPU
		{9CBCE75A-552C-4A42-9820-3452DAA79A99}.Release|x86.ActiveCfg = Release|Any CPU
		{7B4A85FA-FA98-40FD-83B7-5E84C8853736}.Debug|Any CPU.ActiveCfg = Debug|Any CPU
		{7B4A85FA-FA98-40FD-83B7-5E84C8853736}.Debug|Any CPU.Build.0 = Debug|Any CPU
		{7B4A85FA-FA98-40FD-83B7-5E84C8853736}.Debug|Mixed Platforms.ActiveCfg = Debug|Any CPU
		{7B4A85FA-FA98-40FD-83B7-5E84C8853736}.Debug|Mixed Platforms.Build.0 = Debug|Any CPU
		{7B4A85FA-FA98-40FD-83B7-5E84C8853736}.Debug|x86.ActiveCfg = Debug|Any CPU
		{7B4A85FA-FA98-40FD-83B7-5E84C8853736}.Release|Any CPU.ActiveCfg = Release|Any CPU
		{7B4A85FA-FA98-40FD-83B7-5E84C8853736}.Release|Any CPU.Build.0 = Release|Any CPU
		{7B4A85FA-FA98-40FD-83B7-5E84C8853736}.Release|Mixed Platforms.ActiveCfg = Release|Any CPU
		{7B4A85FA-FA98-40FD-83B7-5E84C8853736}.Release|Mixed Platforms.Build.0 = Release|Any CPU
		{7B4A85FA-FA98-40FD-83B7-5E84C8853736}.Release|x86.ActiveCfg = Release|Any CPU
	EndGlobalSection
	GlobalSection(SolutionProperties) = preSolution
		HideSolutionNode = FALSE
	EndGlobalSection
EndGlobal
